
Microsoft Visual Studio Solution File, Format Version 12.00
# Visual Studio Version 17
VisualStudioVersion = 17.3.32811.315
MinimumVisualStudioVersion = 10.0.40219.1
Project("{FAE04EC0-301F-11D3-BF4B-00C04F79EFBC}") = "HotelBooking", "HotelBooking\HotelBooking.csproj", "{777A741A-D6E9-41F3-9EFE-F1F3F489ED7F}"
EndProject
Global
	GlobalSection(SolutionConfigurationPlatforms) = preSolution
		Debug|Any CPU = Debug|Any CPU
		Release|Any CPU = Release|Any CPU
	EndGlobalSection
	GlobalSection(ProjectConfigurationPlatforms) = postSolution
		{777A741A-D6E9-41F3-9EFE-F1F3F489ED7F}.Debug|Any CPU.ActiveCfg = Debug|Any CPU
		{777A741A-D6E9-41F3-9EFE-F1F3F489ED7F}.Debug|Any CPU.Build.0 = Debug|Any CPU
		{777A741A-D6E9-41F3-9EFE-F1F3F489ED7F}.Release|Any CPU.ActiveCfg = Release|Any CPU
		{777A741A-D6E9-41F3-9EFE-F1F3F489ED7F}.Release|Any CPU.Build.0 = Release|Any CPU
	EndGlobalSection
	GlobalSection(SolutionProperties) = preSolution
		HideSolutionNode = FALSE
	EndGlobalSection
	GlobalSection(ExtensibilityGlobals) = postSolution
		SolutionGuid = {F6F679DE-D1C2-4F48-8D9E-708665EE9745}
	EndGlobalSection
EndGlobal
